
Microsoft Visual Studio Solution File, Format Version 12.00
# Visual Studio Version 17
VisualStudioVersion = 17.0.31903.59
MinimumVisualStudioVersion = 10.0.40219.1
Project("{9A19103F-16F7-4668-BE54-9A1E7A4F7556}") = "LaunchSnippingTool", "LaunchSnippingTool\LaunchSnippingTool.csproj", "{FCE4A7CC-B02E-4FF1-8A21-A4B3976BCA41}"
EndProject
Project("{9A19103F-16F7-4668-BE54-9A1E7A4F7556}") = "CopyPngToClipboardWithAlpha", "CopyPngToClipboardWithAlpha\CopyPngToClipboardWithAlpha.csproj", "{7C4D51E7-01D9-49E8-8B47-4D95BCA7C60A}"
EndProject
Project("{FAE04EC0-301F-11D3-BF4B-00C04F79EFBC}") = "PastePngFromClipboardWithAlpha", "PastePngFromClipboardWithAlpha\PastePngFromClipboardWithAlpha.csproj", "{15E59117-B031-4B04-B71F-DE28A66C6190}"
EndProject
Global
	GlobalSection(SolutionConfigurationPlatforms) = preSolution
		Debug|Any CPU = Debug|Any CPU
		Release|Any CPU = Release|Any CPU
	EndGlobalSection
	GlobalSection(ProjectConfigurationPlatforms) = postSolution
		{FCE4A7CC-B02E-4FF1-8A21-A4B3976BCA41}.Debug|Any CPU.ActiveCfg = Debug|Any CPU
		{FCE4A7CC-B02E-4FF1-8A21-A4B3976BCA41}.Debug|Any CPU.Build.0 = Debug|Any CPU
		{FCE4A7CC-B02E-4FF1-8A21-A4B3976BCA41}.Release|Any CPU.ActiveCfg = Release|Any CPU
		{FCE4A7CC-B02E-4FF1-8A21-A4B3976BCA41}.Release|Any CPU.Build.0 = Release|Any CPU
		{7C4D51E7-01D9-49E8-8B47-4D95BCA7C60A}.Debug|Any CPU.ActiveCfg = Debug|Any CPU
		{7C4D51E7-01D9-49E8-8B47-4D95BCA7C60A}.Debug|Any CPU.Build.0 = Debug|Any CPU
		{7C4D51E7-01D9-49E8-8B47-4D95BCA7C60A}.Release|Any CPU.ActiveCfg = Release|Any CPU
		{7C4D51E7-01D9-49E8-8B47-4D95BCA7C60A}.Release|Any CPU.Build.0 = Release|Any CPU
		{15E59117-B031-4B04-B71F-DE28A66C6190}.Debug|Any CPU.ActiveCfg = Debug|Any CPU
		{15E59117-B031-4B04-B71F-DE28A66C6190}.Debug|Any CPU.Build.0 = Debug|Any CPU
		{15E59117-B031-4B04-B71F-DE28A66C6190}.Release|Any CPU.ActiveCfg = Release|Any CPU
		{15E59117-B031-4B04-B71F-DE28A66C6190}.Release|Any CPU.Build.0 = Release|Any CPU
	EndGlobalSection
	GlobalSection(SolutionProperties) = preSolution
		HideSolutionNode = FALSE
	EndGlobalSection
	GlobalSection(ExtensibilityGlobals) = postSolution
		SolutionGuid = {16E63FA5-00AC-4C8B-A42C-5FEFCEEC5EBA}
	EndGlobalSection
EndGlobal
